// !$*UTF8*$!
{
	archiveVersion = 1;
	classes = {
	};
	objectVersion = 55;
	objects = {

/* Begin PBXBuildFile section */
		DC64044B28C686D8004F59C0 /* AppDelegate.swift in Sources */ = {isa = PBXBuildFile; fileRef = DC64044A28C686D8004F59C0 /* AppDelegate.swift */; };
		DC64044D28C686D8004F59C0 /* SceneDelegate.swift in Sources */ = {isa = PBXBuildFile; fileRef = DC64044C28C686D8004F59C0 /* SceneDelegate.swift */; };
		DC64044F28C686D8004F59C0 /* ViewController.swift in Sources */ = {isa = PBXBuildFile; fileRef = DC64044E28C686D8004F59C0 /* ViewController.swift */; };
		DC64045228C686D8004F59C0 /* Main.storyboard in Resources */ = {isa = PBXBuildFile; fileRef = DC64045028C686D8004F59C0 /* Main.storyboard */; };
		DC64045428C686DA004F59C0 /* Assets.xcassets in Resources */ = {isa = PBXBuildFile; fileRef = DC64045328C686DA004F59C0 /* Assets.xcassets */; };
		DC64045728C686DA004F59C0 /* LaunchScreen.storyboard in Resources */ = {isa = PBXBuildFile; fileRef = DC64045528C686DA004F59C0 /* LaunchScreen.storyboard */; };
		DC64046228C686DA004F59C0 /* Github_Actions_POCTests.swift in Sources */ = {isa = PBXBuildFile; fileRef = DC64046128C686DA004F59C0 /* Github_Actions_POCTests.swift */; };
		DC64046C28C686DA004F59C0 /* Github_Actions_POCUITests.swift in Sources */ = {isa = PBXBuildFile; fileRef = DC64046B28C686DA004F59C0 /* Github_Actions_POCUITests.swift */; };
		DC64046E28C686DA004F59C0 /* Github_Actions_POCUITestsLaunchTests.swift in Sources */ = {isa = PBXBuildFile; fileRef = DC64046D28C686DA004F59C0 /* Github_Actions_POCUITestsLaunchTests.swift */; };
/* End PBXBuildFile section */

/* Begin PBXContainerItemProxy section */
		DC64045E28C686DA004F59C0 /* PBXContainerItemProxy */ = {
			isa = PBXContainerItemProxy;
			containerPortal = DC64043F28C686D8004F59C0 /* Project object */;
			proxyType = 1;
			remoteGlobalIDString = DC64044628C686D8004F59C0;
			remoteInfo = "Github Actions POC";
		};
		DC64046828C686DA004F59C0 /* PBXContainerItemProxy */ = {
			isa = PBXContainerItemProxy;
			containerPortal = DC64043F28C686D8004F59C0 /* Project object */;
			proxyType = 1;
			remoteGlobalIDString = DC64044628C686D8004F59C0;
			remoteInfo = "Github Actions POC";
		};
/* End PBXContainerItemProxy section */

/* Begin PBXFileReference section */
		DC64044728C686D8004F59C0 /* Github Actions POC.app */ = {isa = PBXFileReference; explicitFileType = wrapper.application; includeInIndex = 0; path = "Github Actions POC.app"; sourceTree = BUILT_PRODUCTS_DIR; };
		DC64044A28C686D8004F59C0 /* AppDelegate.swift */ = {isa = PBXFileReference; lastKnownFileType = sourcecode.swift; path = AppDelegate.swift; sourceTree = "<group>"; };
		DC64044C28C686D8004F59C0 /* SceneDelegate.swift */ = {isa = PBXFileReference; lastKnownFileType = sourcecode.swift; path = SceneDelegate.swift; sourceTree = "<group>"; };
		DC64044E28C686D8004F59C0 /* ViewController.swift */ = {isa = PBXFileReference; lastKnownFileType = sourcecode.swift; path = ViewController.swift; sourceTree = "<group>"; };
		DC64045128C686D8004F59C0 /* Base */ = {isa = PBXFileReference; lastKnownFileType = file.storyboard; name = Base; path = Base.lproj/Main.storyboard; sourceTree = "<group>"; };
		DC64045328C686DA004F59C0 /* Assets.xcassets */ = {isa = PBXFileReference; lastKnownFileType = folder.assetcatalog; path = Assets.xcassets; sourceTree = "<group>"; };
		DC64045628C686DA004F59C0 /* Base */ = {isa = PBXFileReference; lastKnownFileType = file.storyboard; name = Base; path = Base.lproj/LaunchScreen.storyboard; sourceTree = "<group>"; };
		DC64045828C686DA004F59C0 /* Info.plist */ = {isa = PBXFileReference; lastKnownFileType = text.plist.xml; path = Info.plist; sourceTree = "<group>"; };
		DC64045D28C686DA004F59C0 /* Github Actions POCTests.xctest */ = {isa = PBXFileReference; explicitFileType = wrapper.cfbundle; includeInIndex = 0; path = "Github Actions POCTests.xctest"; sourceTree = BUILT_PRODUCTS_DIR; };
		DC64046128C686DA004F59C0 /* Github_Actions_POCTests.swift */ = {isa = PBXFileReference; lastKnownFileType = sourcecode.swift; path = Github_Actions_POCTests.swift; sourceTree = "<group>"; };
		DC64046728C686DA004F59C0 /* Github Actions POCUITests.xctest */ = {isa = PBXFileReference; explicitFileType = wrapper.cfbundle; includeInIndex = 0; path = "Github Actions POCUITests.xctest"; sourceTree = BUILT_PRODUCTS_DIR; };
		DC64046B28C686DA004F59C0 /* Github_Actions_POCUITests.swift */ = {isa = PBXFileReference; lastKnownFileType = sourcecode.swift; path = Github_Actions_POCUITests.swift; sourceTree = "<group>"; };
		DC64046D28C686DA004F59C0 /* Github_Actions_POCUITestsLaunchTests.swift */ = {isa = PBXFileReference; lastKnownFileType = sourcecode.swift; path = Github_Actions_POCUITestsLaunchTests.swift; sourceTree = "<group>"; };
/* End PBXFileReference section */

/* Begin PBXFrameworksBuildPhase section */
		DC64044428C686D8004F59C0 /* Frameworks */ = {
			isa = PBXFrameworksBuildPhase;
			buildActionMask = 2147483647;
			files = (
			);
			runOnlyForDeploymentPostprocessing = 0;
		};
		DC64045A28C686DA004F59C0 /* Frameworks */ = {
			isa = PBXFrameworksBuildPhase;
			buildActionMask = 2147483647;
			files = (
			);
			runOnlyForDeploymentPostprocessing = 0;
		};
		DC64046428C686DA004F59C0 /* Frameworks */ = {
			isa = PBXFrameworksBuildPhase;
			buildActionMask = 2147483647;
			files = (
			);
			runOnlyForDeploymentPostprocessing = 0;
		};
/* End PBXFrameworksBuildPhase section */

/* Begin PBXGroup section */
		DC64043E28C686D8004F59C0 = {
			isa = PBXGroup;
			children = (
				DC64044928C686D8004F59C0 /* Github Actions POC */,
				DC64046028C686DA004F59C0 /* Github Actions POCTests */,
				DC64046A28C686DA004F59C0 /* Github Actions POCUITests */,
				DC64044828C686D8004F59C0 /* Products */,
			);
			sourceTree = "<group>";
		};
		DC64044828C686D8004F59C0 /* Products */ = {
			isa = PBXGroup;
			children = (
				DC64044728C686D8004F59C0 /* Github Actions POC.app */,
				DC64045D28C686DA004F59C0 /* Github Actions POCTests.xctest */,
				DC64046728C686DA004F59C0 /* Github Actions POCUITests.xctest */,
			);
			name = Products;
			sourceTree = "<group>";
		};
		DC64044928C686D8004F59C0 /* Github Actions POC */ = {
			isa = PBXGroup;
			children = (
				DC64044A28C686D8004F59C0 /* AppDelegate.swift */,
				DC64044C28C686D8004F59C0 /* SceneDelegate.swift */,
				DC64044E28C686D8004F59C0 /* ViewController.swift */,
				DC64045028C686D8004F59C0 /* Main.storyboard */,
				DC64045328C686DA004F59C0 /* Assets.xcassets */,
				DC64045528C686DA004F59C0 /* LaunchScreen.storyboard */,
				DC64045828C686DA004F59C0 /* Info.plist */,
			);
			path = "Github Actions POC";
			sourceTree = "<group>";
		};
		DC64046028C686DA004F59C0 /* Github Actions POCTests */ = {
			isa = PBXGroup;
			children = (
				DC64046128C686DA004F59C0 /* Github_Actions_POCTests.swift */,
			);
			path = "Github Actions POCTests";
			sourceTree = "<group>";
		};
		DC64046A28C686DA004F59C0 /* Github Actions POCUITests */ = {
			isa = PBXGroup;
			children = (
				DC64046B28C686DA004F59C0 /* Github_Actions_POCUITests.swift */,
				DC64046D28C686DA004F59C0 /* Github_Actions_POCUITestsLaunchTests.swift */,
			);
			path = "Github Actions POCUITests";
			sourceTree = "<group>";
		};
/* End PBXGroup section */

/* Begin PBXNativeTarget section */
		DC64044628C686D8004F59C0 /* Github Actions POC */ = {
			isa = PBXNativeTarget;
			buildConfigurationList = DC64047128C686DA004F59C0 /* Build configuration list for PBXNativeTarget "Github Actions POC" */;
			buildPhases = (
				DC64044328C686D8004F59C0 /* Sources */,
				DC64044428C686D8004F59C0 /* Frameworks */,
				DC64044528C686D8004F59C0 /* Resources */,
			);
			buildRules = (
			);
			dependencies = (
			);
			name = "Github Actions POC";
			productName = "Github Actions POC";
			productReference = DC64044728C686D8004F59C0 /* Github Actions POC.app */;
			productType = "com.apple.product-type.application";
		};
		DC64045C28C686DA004F59C0 /* Github Actions POCTests */ = {
			isa = PBXNativeTarget;
			buildConfigurationList = DC64047428C686DA004F59C0 /* Build configuration list for PBXNativeTarget "Github Actions POCTests" */;
			buildPhases = (
				DC64045928C686DA004F59C0 /* Sources */,
				DC64045A28C686DA004F59C0 /* Frameworks */,
				DC64045B28C686DA004F59C0 /* Resources */,
			);
			buildRules = (
			);
			dependencies = (
				DC64045F28C686DA004F59C0 /* PBXTargetDependency */,
			);
			name = "Github Actions POCTests";
			productName = "Github Actions POCTests";
			productReference = DC64045D28C686DA004F59C0 /* Github Actions POCTests.xctest */;
			productType = "com.apple.product-type.bundle.unit-test";
		};
		DC64046628C686DA004F59C0 /* Github Actions POCUITests */ = {
			isa = PBXNativeTarget;
			buildConfigurationList = DC64047728C686DA004F59C0 /* Build configuration list for PBXNativeTarget "Github Actions POCUITests" */;
			buildPhases = (
				DC64046328C686DA004F59C0 /* Sources */,
				DC64046428C686DA004F59C0 /* Frameworks */,
				DC64046528C686DA004F59C0 /* Resources */,
			);
			buildRules = (
			);
			dependencies = (
				DC64046928C686DA004F59C0 /* PBXTargetDependency */,
			);
			name = "Github Actions POCUITests";
			productName = "Github Actions POCUITests";
			productReference = DC64046728C686DA004F59C0 /* Github Actions POCUITests.xctest */;
			productType = "com.apple.product-type.bundle.ui-testing";
		};
/* End PBXNativeTarget section */

/* Begin PBXProject section */
		DC64043F28C686D8004F59C0 /* Project object */ = {
			isa = PBXProject;
			attributes = {
				BuildIndependentTargetsInParallel = 1;
				LastSwiftUpdateCheck = 1340;
				LastUpgradeCheck = 1340;
				TargetAttributes = {
					DC64044628C686D8004F59C0 = {
						CreatedOnToolsVersion = 13.4.1;
					};
					DC64045C28C686DA004F59C0 = {
						CreatedOnToolsVersion = 13.4.1;
						TestTargetID = DC64044628C686D8004F59C0;
					};
					DC64046628C686DA004F59C0 = {
						CreatedOnToolsVersion = 13.4.1;
						TestTargetID = DC64044628C686D8004F59C0;
					};
				};
			};
			buildConfigurationList = DC64044228C686D8004F59C0 /* Build configuration list for PBXProject "Github Actions POC" */;
			compatibilityVersion = "Xcode 13.0";
			developmentRegion = en;
			hasScannedForEncodings = 0;
			knownRegions = (
				en,
				Base,
			);
			mainGroup = DC64043E28C686D8004F59C0;
			productRefGroup = DC64044828C686D8004F59C0 /* Products */;
			projectDirPath = "";
			projectRoot = "";
			targets = (
				DC64044628C686D8004F59C0 /* Github Actions POC */,
				DC64045C28C686DA004F59C0 /* Github Actions POCTests */,
				DC64046628C686DA004F59C0 /* Github Actions POCUITests */,
			);
		};
/* End PBXProject section */

/* Begin PBXResourcesBuildPhase section */
		DC64044528C686D8004F59C0 /* Resources */ = {
			isa = PBXResourcesBuildPhase;
			buildActionMask = 2147483647;
			files = (
				DC64045728C686DA004F59C0 /* LaunchScreen.storyboard in Resources */,
				DC64045428C686DA004F59C0 /* Assets.xcassets in Resources */,
				DC64045228C686D8004F59C0 /* Main.storyboard in Resources */,
			);
			runOnlyForDeploymentPostprocessing = 0;
		};
		DC64045B28C686DA004F59C0 /* Resources */ = {
			isa = PBXResourcesBuildPhase;
			buildActionMask = 2147483647;
			files = (
			);
			runOnlyForDeploymentPostprocessing = 0;
		};
		DC64046528C686DA004F59C0 /* Resources */ = {
			isa = PBXResourcesBuildPhase;
			buildActionMask = 2147483647;
			files = (
			);
			runOnlyForDeploymentPostprocessing = 0;
		};
/* End PBXResourcesBuildPhase section */

/* Begin PBXSourcesBuildPhase section */
		DC64044328C686D8004F59C0 /* Sources */ = {
			isa = PBXSourcesBuildPhase;
			buildActionMask = 2147483647;
			files = (
				DC64044F28C686D8004F59C0 /* ViewController.swift in Sources */,
				DC64044B28C686D8004F59C0 /* AppDelegate.swift in Sources */,
				DC64044D28C686D8004F59C0 /* SceneDelegate.swift in Sources */,
			);
			runOnlyForDeploymentPostprocessing = 0;
		};
		DC64045928C686DA004F59C0 /* Sources */ = {
			isa = PBXSourcesBuildPhase;
			buildActionMask = 2147483647;
			files = (
				DC64046228C686DA004F59C0 /* Github_Actions_POCTests.swift in Sources */,
			);
			runOnlyForDeploymentPostprocessing = 0;
		};
		DC64046328C686DA004F59C0 /* Sources */ = {
			isa = PBXSourcesBuildPhase;
			buildActionMask = 2147483647;
			files = (
				DC64046E28C686DA004F59C0 /* Github_Actions_POCUITestsLaunchTests.swift in Sources */,
				DC64046C28C686DA004F59C0 /* Github_Actions_POCUITests.swift in Sources */,
			);
			runOnlyForDeploymentPostprocessing = 0;
		};
/* End PBXSourcesBuildPhase section */

/* Begin PBXTargetDependency section */
		DC64045F28C686DA004F59C0 /* PBXTargetDependency */ = {
			isa = PBXTargetDependency;
			target = DC64044628C686D8004F59C0 /* Github Actions POC */;
			targetProxy = DC64045E28C686DA004F59C0 /* PBXContainerItemProxy */;
		};
		DC64046928C686DA004F59C0 /* PBXTargetDependency */ = {
			isa = PBXTargetDependency;
			target = DC64044628C686D8004F59C0 /* Github Actions POC */;
			targetProxy = DC64046828C686DA004F59C0 /* PBXContainerItemProxy */;
		};
/* End PBXTargetDependency section */

/* Begin PBXVariantGroup section */
		DC64045028C686D8004F59C0 /* Main.storyboard */ = {
			isa = PBXVariantGroup;
			children = (
				DC64045128C686D8004F59C0 /* Base */,
			);
			name = Main.storyboard;
			sourceTree = "<group>";
		};
		DC64045528C686DA004F59C0 /* LaunchScreen.storyboard */ = {
			isa = PBXVariantGroup;
			children = (
				DC64045628C686DA004F59C0 /* Base */,
			);
			name = LaunchScreen.storyboard;
			sourceTree = "<group>";
		};
/* End PBXVariantGroup section */

/* Begin XCBuildConfiguration section */
		DC64046F28C686DA004F59C0 /* Debug */ = {
			isa = XCBuildConfiguration;
			buildSettings = {
				ALWAYS_SEARCH_USER_PATHS = NO;
				CLANG_ANALYZER_NONNULL = YES;
				CLANG_ANALYZER_NUMBER_OBJECT_CONVERSION = YES_AGGRESSIVE;
				CLANG_CXX_LANGUAGE_STANDARD = "gnu++17";
				CLANG_ENABLE_MODULES = YES;
				CLANG_ENABLE_OBJC_ARC = YES;
				CLANG_ENABLE_OBJC_WEAK = YES;
				CLANG_WARN_BLOCK_CAPTURE_AUTORELEASING = YES;
				CLANG_WARN_BOOL_CONVERSION = YES;
				CLANG_WARN_COMMA = YES;
				CLANG_WARN_CONSTANT_CONVERSION = YES;
				CLANG_WARN_DEPRECATED_OBJC_IMPLEMENTATIONS = YES;
				CLANG_WARN_DIRECT_OBJC_ISA_USAGE = YES_ERROR;
				CLANG_WARN_DOCUMENTATION_COMMENTS = YES;
				CLANG_WARN_EMPTY_BODY = YES;
				CLANG_WARN_ENUM_CONVERSION = YES;
				CLANG_WARN_INFINITE_RECURSION = YES;
				CLANG_WARN_INT_CONVERSION = YES;
				CLANG_WARN_NON_LITERAL_NULL_CONVERSION = YES;
				CLANG_WARN_OBJC_IMPLICIT_RETAIN_SELF = YES;
				CLANG_WARN_OBJC_LITERAL_CONVERSION = YES;
				CLANG_WARN_OBJC_ROOT_CLASS = YES_ERROR;
				CLANG_WARN_QUOTED_INCLUDE_IN_FRAMEWORK_HEADER = YES;
				CLANG_WARN_RANGE_LOOP_ANALYSIS = YES;
				CLANG_WARN_STRICT_PROTOTYPES = YES;
				CLANG_WARN_SUSPICIOUS_MOVE = YES;
				CLANG_WARN_UNGUARDED_AVAILABILITY = YES_AGGRESSIVE;
				CLANG_WARN_UNREACHABLE_CODE = YES;
				CLANG_WARN__DUPLICATE_METHOD_MATCH = YES;
				COPY_PHASE_STRIP = NO;
				DEBUG_INFORMATION_FORMAT = dwarf;
				ENABLE_STRICT_OBJC_MSGSEND = YES;
				ENABLE_TESTABILITY = YES;
				GCC_C_LANGUAGE_STANDARD = gnu11;
				GCC_DYNAMIC_NO_PIC = NO;
				GCC_NO_COMMON_BLOCKS = YES;
				GCC_OPTIMIZATION_LEVEL = 0;
				GCC_PREPROCESSOR_DEFINITIONS = (
					"DEBUG=1",
					"$(inherited)",
				);
				GCC_WARN_64_TO_32_BIT_CONVERSION = YES;
				GCC_WARN_ABOUT_RETURN_TYPE = YES_ERROR;
				GCC_WARN_UNDECLARED_SELECTOR = YES;
				GCC_WARN_UNINITIALIZED_AUTOS = YES_AGGRESSIVE;
				GCC_WARN_UNUSED_FUNCTION = YES;
				GCC_WARN_UNUSED_VARIABLE = YES;
				IPHONEOS_DEPLOYMENT_TARGET = 15.5;
				MTL_ENABLE_DEBUG_INFO = INCLUDE_SOURCE;
				MTL_FAST_MATH = YES;
				ONLY_ACTIVE_ARCH = YES;
				SDKROOT = iphoneos;
				SWIFT_ACTIVE_COMPILATION_CONDITIONS = DEBUG;
				SWIFT_OPTIMIZATION_LEVEL = "-Onone";
			};
			name = Debug;
		};
		DC64047028C686DA004F59C0 /* Release */ = {
			isa = XCBuildConfiguration;
			buildSettings = {
				ALWAYS_SEARCH_USER_PATHS = NO;
				CLANG_ANALYZER_NONNULL = YES;
				CLANG_ANALYZER_NUMBER_OBJECT_CONVERSION = YES_AGGRESSIVE;
				CLANG_CXX_LANGUAGE_STANDARD = "gnu++17";
				CLANG_ENABLE_MODULES = YES;
				CLANG_ENABLE_OBJC_ARC = YES;
				CLANG_ENABLE_OBJC_WEAK = YES;
				CLANG_WARN_BLOCK_CAPTURE_AUTORELEASING = YES;
				CLANG_WARN_BOOL_CONVERSION = YES;
				CLANG_WARN_COMMA = YES;
				CLANG_WARN_CONSTANT_CONVERSION = YES;
				CLANG_WARN_DEPRECATED_OBJC_IMPLEMENTATIONS = YES;
				CLANG_WARN_DIRECT_OBJC_ISA_USAGE = YES_ERROR;
				CLANG_WARN_DOCUMENTATION_COMMENTS = YES;
				CLANG_WARN_EMPTY_BODY = YES;
				CLANG_WARN_ENUM_CONVERSION = YES;
				CLANG_WARN_INFINITE_RECURSION = YES;
				CLANG_WARN_INT_CONVERSION = YES;
				CLANG_WARN_NON_LITERAL_NULL_CONVERSION = YES;
				CLANG_WARN_OBJC_IMPLICIT_RETAIN_SELF = YES;
				CLANG_WARN_OBJC_LITERAL_CONVERSION = YES;
				CLANG_WARN_OBJC_ROOT_CLASS = YES_ERROR;
				CLANG_WARN_QUOTED_INCLUDE_IN_FRAMEWORK_HEADER = YES;
				CLANG_WARN_RANGE_LOOP_ANALYSIS = YES;
				CLANG_WARN_STRICT_PROTOTYPES = YES;
				CLANG_WARN_SUSPICIOUS_MOVE = YES;
				CLANG_WARN_UNGUARDED_AVAILABILITY = YES_AGGRESSIVE;
				CLANG_WARN_UNREACHABLE_CODE = YES;
				CLANG_WARN__DUPLICATE_METHOD_MATCH = YES;
				COPY_PHASE_STRIP = NO;
				DEBUG_INFORMATION_FORMAT = "dwarf-with-dsym";
				ENABLE_NS_ASSERTIONS = NO;
				ENABLE_STRICT_OBJC_MSGSEND = YES;
				GCC_C_LANGUAGE_STANDARD = gnu11;
				GCC_NO_COMMON_BLOCKS = YES;
				GCC_WARN_64_TO_32_BIT_CONVERSION = YES;
				GCC_WARN_ABOUT_RETURN_TYPE = YES_ERROR;
				GCC_WARN_UNDECLARED_SELECTOR = YES;
				GCC_WARN_UNINITIALIZED_AUTOS = YES_AGGRESSIVE;
				GCC_WARN_UNUSED_FUNCTION = YES;
				GCC_WARN_UNUSED_VARIABLE = YES;
				IPHONEOS_DEPLOYMENT_TARGET = 15.5;
				MTL_ENABLE_DEBUG_INFO = NO;
				MTL_FAST_MATH = YES;
				SDKROOT = iphoneos;
				SWIFT_COMPILATION_MODE = wholemodule;
				SWIFT_OPTIMIZATION_LEVEL = "-O";
				VALIDATE_PRODUCT = YES;
			};
			name = Release;
		};
		DC64047228C686DA004F59C0 /* Debug */ = {
			isa = XCBuildConfiguration;
			buildSettings = {
				ASSETCATALOG_COMPILER_APPICON_NAME = AppIcon;
				ASSETCATALOG_COMPILER_GLOBAL_ACCENT_COLOR_NAME = AccentColor;
				CODE_SIGN_STYLE = Automatic;
				CURRENT_PROJECT_VERSION = 1;
				DEVELOPMENT_TEAM = MLM8YK22VB;
				GENERATE_INFOPLIST_FILE = YES;
				INFOPLIST_FILE = "Github Actions POC/Info.plist";
				INFOPLIST_KEY_UIApplicationSupportsIndirectInputEvents = YES;
				INFOPLIST_KEY_UILaunchStoryboardName = LaunchScreen;
				INFOPLIST_KEY_UIMainStoryboardFile = Main;
				INFOPLIST_KEY_UISupportedInterfaceOrientations_iPad = "UIInterfaceOrientationPortrait UIInterfaceOrientationPortraitUpsideDown UIInterfaceOrientationLandscapeLeft UIInterfaceOrientationLandscapeRight";
				INFOPLIST_KEY_UISupportedInterfaceOrientations_iPhone = "UIInterfaceOrientationPortrait UIInterfaceOrientationLandscapeLeft UIInterfaceOrientationLandscapeRight";
				LD_RUNPATH_SEARCH_PATHS = (
					"$(inherited)",
					"@executable_path/Frameworks",
				);
				MARKETING_VERSION = 1.0;
				PRODUCT_BUNDLE_IDENTIFIER = "com.ramysabry.Github-Actions-POC";
				PRODUCT_NAME = "$(TARGET_NAME)";
				SWIFT_EMIT_LOC_STRINGS = YES;
				SWIFT_VERSION = 5.0;
				TARGETED_DEVICE_FAMILY = "1,2";
			};
			name = Debug;
		};
		DC64047328C686DA004F59C0 /* Release */ = {
			isa = XCBuildConfiguration;
			buildSettings = {
				ASSETCATALOG_COMPILER_APPICON_NAME = AppIcon;
				ASSETCATALOG_COMPILER_GLOBAL_ACCENT_COLOR_NAME = AccentColor;
				CODE_SIGN_STYLE = Automatic;
				CURRENT_PROJECT_VERSION = 1;
				DEVELOPMENT_TEAM = MLM8YK22VB;
				GENERATE_INFOPLIST_FILE = YES;
				INFOPLIST_FILE = "Github Actions POC/Info.plist";
				INFOPLIST_KEY_UIApplicationSupportsIndirectInputEvents = YES;
				INFOPLIST_KEY_UILaunchStoryboardName = LaunchScreen;
				INFOPLIST_KEY_UIMainStoryboardFile = Main;
				INFOPLIST_KEY_UISupportedInterfaceOrientations_iPad = "UIInterfaceOrientationPortrait UIInterfaceOrientationPortraitUpsideDown UIInterfaceOrientationLandscapeLeft UIInterfaceOrientationLandscapeRight";
				INFOPLIST_KEY_UISupportedInterfaceOrientations_iPhone = "UIInterfaceOrientationPortrait UIInterfaceOrientationLandscapeLeft UIInterfaceOrientationLandscapeRight";
				LD_RUNPATH_SEARCH_PATHS = (
					"$(inherited)",
					"@executable_path/Frameworks",
				);
				MARKETING_VERSION = 1.0;
				PRODUCT_BUNDLE_IDENTIFIER = "com.ramysabry.Github-Actions-POC";
				PRODUCT_NAME = "$(TARGET_NAME)";
				SWIFT_EMIT_LOC_STRINGS = YES;
				SWIFT_VERSION = 5.0;
				TARGETED_DEVICE_FAMILY = "1,2";
			};
			name = Release;
		};
		DC64047528C686DA004F59C0 /* Debug */ = {
			isa = XCBuildConfiguration;
			buildSettings = {
				ALWAYS_EMBED_SWIFT_STANDARD_LIBRARIES = YES;
				BUNDLE_LOADER = "$(TEST_HOST)";
				CODE_SIGN_STYLE = Automatic;
				CURRENT_PROJECT_VERSION = 1;
				DEVELOPMENT_TEAM = MLM8YK22VB;
				GENERATE_INFOPLIST_FILE = YES;
				IPHONEOS_DEPLOYMENT_TARGET = 15.5;
				MARKETING_VERSION = 1.0;
				PRODUCT_BUNDLE_IDENTIFIER = "com.ramysabry.Github-Actions-POCTests";
				PRODUCT_NAME = "$(TARGET_NAME)";
				SWIFT_EMIT_LOC_STRINGS = NO;
				SWIFT_VERSION = 5.0;
				TARGETED_DEVICE_FAMILY = "1,2";
				TEST_HOST = "$(BUILT_PRODUCTS_DIR)/Github Actions POC.app/Github Actions POC";
			};
			name = Debug;
		};
		DC64047628C686DA004F59C0 /* Release */ = {
			isa = XCBuildConfiguration;
			buildSettings = {
				ALWAYS_EMBED_SWIFT_STANDARD_LIBRARIES = YES;
				BUNDLE_LOADER = "$(TEST_HOST)";
				CODE_SIGN_STYLE = Automatic;
				CURRENT_PROJECT_VERSION = 1;
				DEVELOPMENT_TEAM = MLM8YK22VB;
				GENERATE_INFOPLIST_FILE = YES;
				IPHONEOS_DEPLOYMENT_TARGET = 15.5;
				MARKETING_VERSION = 1.0;
				PRODUCT_BUNDLE_IDENTIFIER = "com.ramysabry.Github-Actions-POCTests";
				PRODUCT_NAME = "$(TARGET_NAME)";
				SWIFT_EMIT_LOC_STRINGS = NO;
				SWIFT_VERSION = 5.0;
				TARGETED_DEVICE_FAMILY = "1,2";
				TEST_HOST = "$(BUILT_PRODUCTS_DIR)/Github Actions POC.app/Github Actions POC";
			};
			name = Release;
		};
		DC64047828C686DA004F59C0 /* Debug */ = {
			isa = XCBuildConfiguration;
			buildSettings = {
				ALWAYS_EMBED_SWIFT_STANDARD_LIBRARIES = YES;
				CODE_SIGN_STYLE = Automatic;
				CURRENT_PROJECT_VERSION = 1;
				DEVELOPMENT_TEAM = MLM8YK22VB;
				GENERATE_INFOPLIST_FILE = YES;
				MARKETING_VERSION = 1.0;
				PRODUCT_BUNDLE_IDENTIFIER = "com.ramysabry.Github-Actions-POCUITests";
				PRODUCT_NAME = "$(TARGET_NAME)";
				SWIFT_EMIT_LOC_STRINGS = NO;
				SWIFT_VERSION = 5.0;
				TARGETED_DEVICE_FAMILY = "1,2";
				TEST_TARGET_NAME = "Github Actions POC";
			};
			name = Debug;
		};
		DC64047928C686DA004F59C0 /* Release */ = {
			isa = XCBuildConfiguration;
			buildSettings = {
				ALWAYS_EMBED_SWIFT_STANDARD_LIBRARIES = YES;
				CODE_SIGN_STYLE = Automatic;
				CURRENT_PROJECT_VERSION = 1;
				DEVELOPMENT_TEAM = MLM8YK22VB;
				GENERATE_INFOPLIST_FILE = YES;
				MARKETING_VERSION = 1.0;
				PRODUCT_BUNDLE_IDENTIFIER = "com.ramysabry.Github-Actions-POCUITests";
				PRODUCT_NAME = "$(TARGET_NAME)";
				SWIFT_EMIT_LOC_STRINGS = NO;
				SWIFT_VERSION = 5.0;
				TARGETED_DEVICE_FAMILY = "1,2";
				TEST_TARGET_NAME = "Github Actions POC";
			};
			name = Release;
		};
/* End XCBuildConfiguration section */

/* Begin XCConfigurationList section */
		DC64044228C686D8004F59C0 /* Build configuration list for PBXProject "Github Actions POC" */ = {
			isa = XCConfigurationList;
			buildConfigurations = (
				DC64046F28C686DA004F59C0 /* Debug */,
				DC64047028C686DA004F59C0 /* Release */,
			);
			defaultConfigurationIsVisible = 0;
			defaultConfigurationName = Release;
		};
		DC64047128C686DA004F59C0 /* Build configuration list for PBXNativeTarget "Github Actions POC" */ = {
			isa = XCConfigurationList;
			buildConfigurations = (
				DC64047228C686DA004F59C0 /* Debug */,
				DC64047328C686DA004F59C0 /* Release */,
			);
			defaultConfigurationIsVisible = 0;
			defaultConfigurationName = Release;
		};
		DC64047428C686DA004F59C0 /* Build configuration list for PBXNativeTarget "Github Actions POCTests" */ = {
			isa = XCConfigurationList;
			buildConfigurations = (
				DC64047528C686DA004F59C0 /* Debug */,
				DC64047628C686DA004F59C0 /* Release */,
			);
			defaultConfigurationIsVisible = 0;
			defaultConfigurationName = Release;
		};
		DC64047728C686DA004F59C0 /* Build configuration list for PBXNativeTarget "Github Actions POCUITests" */ = {
			isa = XCConfigurationList;
			buildConfigurations = (
				DC64047828C686DA004F59C0 /* Debug */,
				DC64047928C686DA004F59C0 /* Release */,
			);
			defaultConfigurationIsVisible = 0;
			defaultConfigurationName = Release;
		};
/* End XCConfigurationList section */
	};
	rootObject = DC64043F28C686D8004F59C0 /* Project object */;
}
